// !$*UTF8*$!
{
	archiveVersion = 1;
	classes = {
	};
	objectVersion = 50;
	objects = {

/* Begin PBXBuildFile section */
		DBAECFA0248E985300AB0B6D /* AppDelegate.swift in Sources */ = {isa = PBXBuildFile; fileRef = DBAECF9F248E985300AB0B6D /* AppDelegate.swift */; };
		DBAECFA2248E985300AB0B6D /* SceneDelegate.swift in Sources */ = {isa = PBXBuildFile; fileRef = DBAECFA1248E985300AB0B6D /* SceneDelegate.swift */; };
		DBAECFA7248E985300AB0B6D /* Main.storyboard in Resources */ = {isa = PBXBuildFile; fileRef = DBAECFA5248E985300AB0B6D /* Main.storyboard */; };
		DBAECFAA248E985300AB0B6D /* to_do.xcdatamodeld in Sources */ = {isa = PBXBuildFile; fileRef = DBAECFA8248E985300AB0B6D /* to_do.xcdatamodeld */; };
		DBAECFAC248E985700AB0B6D /* Assets.xcassets in Resources */ = {isa = PBXBuildFile; fileRef = DBAECFAB248E985700AB0B6D /* Assets.xcassets */; };
		DBAECFAF248E985700AB0B6D /* LaunchScreen.storyboard in Resources */ = {isa = PBXBuildFile; fileRef = DBAECFAD248E985700AB0B6D /* LaunchScreen.storyboard */; };
		DBAECFBA248E985800AB0B6D /* to_doTests.swift in Sources */ = {isa = PBXBuildFile; fileRef = DBAECFB9248E985800AB0B6D /* to_doTests.swift */; };
		DBAECFC5248E985800AB0B6D /* to_doUITests.swift in Sources */ = {isa = PBXBuildFile; fileRef = DBAECFC4248E985800AB0B6D /* to_doUITests.swift */; };
		DBAECFD3248EB39400AB0B6D /* ToDoTableViewControlleTableViewController.swift in Sources */ = {isa = PBXBuildFile; fileRef = DBAECFD2248EB39400AB0B6D /* ToDoTableViewControlleTableViewController.swift */; };
		DBAECFD5248FCD8000AB0B6D /* todo.swift in Sources */ = {isa = PBXBuildFile; fileRef = DBAECFD4248FCD8000AB0B6D /* todo.swift */; };
/* End PBXBuildFile section */

/* Begin PBXContainerItemProxy section */
		DBAECFB6248E985800AB0B6D /* PBXContainerItemProxy */ = {
			isa = PBXContainerItemProxy;
			containerPortal = DBAECF94248E985300AB0B6D /* Project object */;
			proxyType = 1;
			remoteGlobalIDString = DBAECF9B248E985300AB0B6D;
			remoteInfo = "to-do";
		};
		DBAECFC1248E985800AB0B6D /* PBXContainerItemProxy */ = {
			isa = PBXContainerItemProxy;
			containerPortal = DBAECF94248E985300AB0B6D /* Project object */;
			proxyType = 1;
			remoteGlobalIDString = DBAECF9B248E985300AB0B6D;
			remoteInfo = "to-do";
		};
/* End PBXContainerItemProxy section */

/* Begin PBXFileReference section */
		DBAECF9C248E985300AB0B6D /* to-do.app */ = {isa = PBXFileReference; explicitFileType = wrapper.application; includeInIndex = 0; path = "to-do.app"; sourceTree = BUILT_PRODUCTS_DIR; };
		DBAECF9F248E985300AB0B6D /* AppDelegate.swift */ = {isa = PBXFileReference; lastKnownFileType = sourcecode.swift; path = AppDelegate.swift; sourceTree = "<group>"; };
		DBAECFA1248E985300AB0B6D /* SceneDelegate.swift */ = {isa = PBXFileReference; lastKnownFileType = sourcecode.swift; path = SceneDelegate.swift; sourceTree = "<group>"; };
		DBAECFA6248E985300AB0B6D /* Base */ = {isa = PBXFileReference; lastKnownFileType = file.storyboard; name = Base; path = Base.lproj/Main.storyboard; sourceTree = "<group>"; };
		DBAECFA9248E985300AB0B6D /* to_do.xcdatamodel */ = {isa = PBXFileReference; lastKnownFileType = wrapper.xcdatamodel; path = to_do.xcdatamodel; sourceTree = "<group>"; };
		DBAECFAB248E985700AB0B6D /* Assets.xcassets */ = {isa = PBXFileReference; lastKnownFileType = folder.assetcatalog; path = Assets.xcassets; sourceTree = "<group>"; };
		DBAECFAE248E985700AB0B6D /* Base */ = {isa = PBXFileReference; lastKnownFileType = file.storyboard; name = Base; path = Base.lproj/LaunchScreen.storyboard; sourceTree = "<group>"; };
		DBAECFB0248E985700AB0B6D /* Info.plist */ = {isa = PBXFileReference; lastKnownFileType = text.plist.xml; path = Info.plist; sourceTree = "<group>"; };
		DBAECFB5248E985800AB0B6D /* to-doTests.xctest */ = {isa = PBXFileReference; explicitFileType = wrapper.cfbundle; includeInIndex = 0; path = "to-doTests.xctest"; sourceTree = BUILT_PRODUCTS_DIR; };
		DBAECFB9248E985800AB0B6D /* to_doTests.swift */ = {isa = PBXFileReference; lastKnownFileType = sourcecode.swift; path = to_doTests.swift; sourceTree = "<group>"; };
		DBAECFBB248E985800AB0B6D /* Info.plist */ = {isa = PBXFileReference; lastKnownFileType = text.plist.xml; path = Info.plist; sourceTree = "<group>"; };
		DBAECFC0248E985800AB0B6D /* to-doUITests.xctest */ = {isa = PBXFileReference; explicitFileType = wrapper.cfbundle; includeInIndex = 0; path = "to-doUITests.xctest"; sourceTree = BUILT_PRODUCTS_DIR; };
		DBAECFC4248E985800AB0B6D /* to_doUITests.swift */ = {isa = PBXFileReference; lastKnownFileType = sourcecode.swift; path = to_doUITests.swift; sourceTree = "<group>"; };
		DBAECFC6248E985800AB0B6D /* Info.plist */ = {isa = PBXFileReference; lastKnownFileType = text.plist.xml; path = Info.plist; sourceTree = "<group>"; };
		DBAECFD2248EB39400AB0B6D /* ToDoTableViewControlleTableViewController.swift */ = {isa = PBXFileReference; lastKnownFileType = sourcecode.swift; path = ToDoTableViewControlleTableViewController.swift; sourceTree = "<group>"; };
		DBAECFD4248FCD8000AB0B6D /* todo.swift */ = {isa = PBXFileReference; lastKnownFileType = sourcecode.swift; path = todo.swift; sourceTree = "<group>"; };
/* End PBXFileReference section */

/* Begin PBXFrameworksBuildPhase section */
		DBAECF99248E985300AB0B6D /* Frameworks */ = {
			isa = PBXFrameworksBuildPhase;
			buildActionMask = 2147483647;
			files = (
			);
			runOnlyForDeploymentPostprocessing = 0;
		};
		DBAECFB2248E985800AB0B6D /* Frameworks */ = {
			isa = PBXFrameworksBuildPhase;
			buildActionMask = 2147483647;
			files = (
			);
			runOnlyForDeploymentPostprocessing = 0;
		};
		DBAECFBD248E985800AB0B6D /* Frameworks */ = {
			isa = PBXFrameworksBuildPhase;
			buildActionMask = 2147483647;
			files = (
			);
			runOnlyForDeploymentPostprocessing = 0;
		};
/* End PBXFrameworksBuildPhase section */

/* Begin PBXGroup section */
		DBAECF93248E985300AB0B6D = {
			isa = PBXGroup;
			children = (
				DBAECF9E248E985300AB0B6D /* to-do */,
				DBAECFB8248E985800AB0B6D /* to-doTests */,
				DBAECFC3248E985800AB0B6D /* to-doUITests */,
				DBAECF9D248E985300AB0B6D /* Products */,
			);
			sourceTree = "<group>";
		};
		DBAECF9D248E985300AB0B6D /* Products */ = {
			isa = PBXGroup;
			children = (
				DBAECF9C248E985300AB0B6D /* to-do.app */,
				DBAECFB5248E985800AB0B6D /* to-doTests.xctest */,
				DBAECFC0248E985800AB0B6D /* to-doUITests.xctest */,
			);
			name = Products;
			sourceTree = "<group>";
		};
		DBAECF9E248E985300AB0B6D /* to-do */ = {
			isa = PBXGroup;
			children = (
				DBAECF9F248E985300AB0B6D /* AppDelegate.swift */,
				DBAECFA1248E985300AB0B6D /* SceneDelegate.swift */,
				DBAECFA5248E985300AB0B6D /* Main.storyboard */,
				DBAECFD2248EB39400AB0B6D /* ToDoTableViewControlleTableViewController.swift */,
				DBAECFD4248FCD8000AB0B6D /* todo.swift */,
				DBAECFAB248E985700AB0B6D /* Assets.xcassets */,
				DBAECFAD248E985700AB0B6D /* LaunchScreen.storyboard */,
				DBAECFB0248E985700AB0B6D /* Info.plist */,
				DBAECFA8248E985300AB0B6D /* to_do.xcdatamodeld */,
			);
			path = "to-do";
			sourceTree = "<group>";
		};
		DBAECFB8248E985800AB0B6D /* to-doTests */ = {
			isa = PBXGroup;
			children = (
				DBAECFB9248E985800AB0B6D /* to_doTests.swift */,
				DBAECFBB248E985800AB0B6D /* Info.plist */,
			);
			path = "to-doTests";
			sourceTree = "<group>";
		};
		DBAECFC3248E985800AB0B6D /* to-doUITests */ = {
			isa = PBXGroup;
			children = (
				DBAECFC4248E985800AB0B6D /* to_doUITests.swift */,
				DBAECFC6248E985800AB0B6D /* Info.plist */,
			);
			path = "to-doUITests";
			sourceTree = "<group>";
		};
/* End PBXGroup section */

/* Begin PBXNativeTarget section */
		DBAECF9B248E985300AB0B6D /* to-do */ = {
			isa = PBXNativeTarget;
			buildConfigurationList = DBAECFC9248E985800AB0B6D /* Build configuration list for PBXNativeTarget "to-do" */;
			buildPhases = (
				DBAECF98248E985300AB0B6D /* Sources */,
				DBAECF99248E985300AB0B6D /* Frameworks */,
				DBAECF9A248E985300AB0B6D /* Resources */,
			);
			buildRules = (
			);
			dependencies = (
			);
			name = "to-do";
			productName = "to-do";
			productReference = DBAECF9C248E985300AB0B6D /* to-do.app */;
			productType = "com.apple.product-type.application";
		};
		DBAECFB4248E985800AB0B6D /* to-doTests */ = {
			isa = PBXNativeTarget;
			buildConfigurationList = DBAECFCC248E985800AB0B6D /* Build configuration list for PBXNativeTarget "to-doTests" */;
			buildPhases = (
				DBAECFB1248E985800AB0B6D /* Sources */,
				DBAECFB2248E985800AB0B6D /* Frameworks */,
				DBAECFB3248E985800AB0B6D /* Resources */,
			);
			buildRules = (
			);
			dependencies = (
				DBAECFB7248E985800AB0B6D /* PBXTargetDependency */,
			);
			name = "to-doTests";
			productName = "to-doTests";
			productReference = DBAECFB5248E985800AB0B6D /* to-doTests.xctest */;
			productType = "com.apple.product-type.bundle.unit-test";
		};
		DBAECFBF248E985800AB0B6D /* to-doUITests */ = {
			isa = PBXNativeTarget;
			buildConfigurationList = DBAECFCF248E985800AB0B6D /* Build configuration list for PBXNativeTarget "to-doUITests" */;
			buildPhases = (
				DBAECFBC248E985800AB0B6D /* Sources */,
				DBAECFBD248E985800AB0B6D /* Frameworks */,
				DBAECFBE248E985800AB0B6D /* Resources */,
			);
			buildRules = (
			);
			dependencies = (
				DBAECFC2248E985800AB0B6D /* PBXTargetDependency */,
			);
			name = "to-doUITests";
			productName = "to-doUITests";
			productReference = DBAECFC0248E985800AB0B6D /* to-doUITests.xctest */;
			productType = "com.apple.product-type.bundle.ui-testing";
		};
/* End PBXNativeTarget section */

/* Begin PBXProject section */
		DBAECF94248E985300AB0B6D /* Project object */ = {
			isa = PBXProject;
			attributes = {
				LastSwiftUpdateCheck = 1150;
				LastUpgradeCheck = 1150;
				ORGANIZATIONNAME = "Madi Tomlin";
				TargetAttributes = {
					DBAECF9B248E985300AB0B6D = {
						CreatedOnToolsVersion = 11.5;
					};
					DBAECFB4248E985800AB0B6D = {
						CreatedOnToolsVersion = 11.5;
						TestTargetID = DBAECF9B248E985300AB0B6D;
					};
					DBAECFBF248E985800AB0B6D = {
						CreatedOnToolsVersion = 11.5;
						TestTargetID = DBAECF9B248E985300AB0B6D;
					};
				};
			};
			buildConfigurationList = DBAECF97248E985300AB0B6D /* Build configuration list for PBXProject "to-do" */;
			compatibilityVersion = "Xcode 9.3";
			developmentRegion = en;
			hasScannedForEncodings = 0;
			knownRegions = (
				en,
				Base,
			);
			mainGroup = DBAECF93248E985300AB0B6D;
			productRefGroup = DBAECF9D248E985300AB0B6D /* Products */;
			projectDirPath = "";
			projectRoot = "";
			targets = (
				DBAECF9B248E985300AB0B6D /* to-do */,
				DBAECFB4248E985800AB0B6D /* to-doTests */,
				DBAECFBF248E985800AB0B6D /* to-doUITests */,
			);
		};
/* End PBXProject section */

/* Begin PBXResourcesBuildPhase section */
		DBAECF9A248E985300AB0B6D /* Resources */ = {
			isa = PBXResourcesBuildPhase;
			buildActionMask = 2147483647;
			files = (
				DBAECFAF248E985700AB0B6D /* LaunchScreen.storyboard in Resources */,
				DBAECFAC248E985700AB0B6D /* Assets.xcassets in Resources */,
				DBAECFA7248E985300AB0B6D /* Main.storyboard in Resources */,
			);
			runOnlyForDeploymentPostprocessing = 0;
		};
		DBAECFB3248E985800AB0B6D /* Resources */ = {
			isa = PBXResourcesBuildPhase;
			buildActionMask = 2147483647;
			files = (
			);
			runOnlyForDeploymentPostprocessing = 0;
		};
		DBAECFBE248E985800AB0B6D /* Resources */ = {
			isa = PBXResourcesBuildPhase;
			buildActionMask = 2147483647;
			files = (
			);
			runOnlyForDeploymentPostprocessing = 0;
		};
/* End PBXResourcesBuildPhase section */

/* Begin PBXSourcesBuildPhase section */
		DBAECF98248E985300AB0B6D /* Sources */ = {
			isa = PBXSourcesBuildPhase;
			buildActionMask = 2147483647;
			files = (
				DBAECFD5248FCD8000AB0B6D /* todo.swift in Sources */,
				DBAECFD3248EB39400AB0B6D /* ToDoTableViewControlleTableViewController.swift in Sources */,
				DBAECFA0248E985300AB0B6D /* AppDelegate.swift in Sources */,
				DBAECFA2248E985300AB0B6D /* SceneDelegate.swift in Sources */,
				DBAECFAA248E985300AB0B6D /* to_do.xcdatamodeld in Sources */,
			);
			runOnlyForDeploymentPostprocessing = 0;
		};
		DBAECFB1248E985800AB0B6D /* Sources */ = {
			isa = PBXSourcesBuildPhase;
			buildActionMask = 2147483647;
			files = (
				DBAECFBA248E985800AB0B6D /* to_doTests.swift in Sources */,
			);
			runOnlyForDeploymentPostprocessing = 0;
		};
		DBAECFBC248E985800AB0B6D /* Sources */ = {
			isa = PBXSourcesBuildPhase;
			buildActionMask = 2147483647;
			files = (
				DBAECFC5248E985800AB0B6D /* to_doUITests.swift in Sources */,
			);
			runOnlyForDeploymentPostprocessing = 0;
		};
/* End PBXSourcesBuildPhase section */

/* Begin PBXTargetDependency section */
		DBAECFB7248E985800AB0B6D /* PBXTargetDependency */ = {
			isa = PBXTargetDependency;
			target = DBAECF9B248E985300AB0B6D /* to-do */;
			targetProxy = DBAECFB6248E985800AB0B6D /* PBXContainerItemProxy */;
		};
		DBAECFC2248E985800AB0B6D /* PBXTargetDependency */ = {
			isa = PBXTargetDependency;
			target = DBAECF9B248E985300AB0B6D /* to-do */;
			targetProxy = DBAECFC1248E985800AB0B6D /* PBXContainerItemProxy */;
		};
/* End PBXTargetDependency section */

/* Begin PBXVariantGroup section */
		DBAECFA5248E985300AB0B6D /* Main.storyboard */ = {
			isa = PBXVariantGroup;
			children = (
				DBAECFA6248E985300AB0B6D /* Base */,
			);
			name = Main.storyboard;
			sourceTree = "<group>";
		};
		DBAECFAD248E985700AB0B6D /* LaunchScreen.storyboard */ = {
			isa = PBXVariantGroup;
			children = (
				DBAECFAE248E985700AB0B6D /* Base */,
			);
			name = LaunchScreen.storyboard;
			sourceTree = "<group>";
		};
/* End PBXVariantGroup section */

/* Begin XCBuildConfiguration section */
		DBAECFC7248E985800AB0B6D /* Debug */ = {
			isa = XCBuildConfiguration;
			buildSettings = {
				ALWAYS_SEARCH_USER_PATHS = NO;
				CLANG_ANALYZER_NONNULL = YES;
				CLANG_ANALYZER_NUMBER_OBJECT_CONVERSION = YES_AGGRESSIVE;
				CLANG_CXX_LANGUAGE_STANDARD = "gnu++14";
				CLANG_CXX_LIBRARY = "libc++";
				CLANG_ENABLE_MODULES = YES;
				CLANG_ENABLE_OBJC_ARC = YES;
				CLANG_ENABLE_OBJC_WEAK = YES;
				CLANG_WARN_BLOCK_CAPTURE_AUTORELEASING = YES;
				CLANG_WARN_BOOL_CONVERSION = YES;
				CLANG_WARN_COMMA = YES;
				CLANG_WARN_CONSTANT_CONVERSION = YES;
				CLANG_WARN_DEPRECATED_OBJC_IMPLEMENTATIONS = YES;
				CLANG_WARN_DIRECT_OBJC_ISA_USAGE = YES_ERROR;
				CLANG_WARN_DOCUMENTATION_COMMENTS = YES;
				CLANG_WARN_EMPTY_BODY = YES;
				CLANG_WARN_ENUM_CONVERSION = YES;
				CLANG_WARN_INFINITE_RECURSION = YES;
				CLANG_WARN_INT_CONVERSION = YES;
				CLANG_WARN_NON_LITERAL_NULL_CONVERSION = YES;
				CLANG_WARN_OBJC_IMPLICIT_RETAIN_SELF = YES;
				CLANG_WARN_OBJC_LITERAL_CONVERSION = YES;
				CLANG_WARN_OBJC_ROOT_CLASS = YES_ERROR;
				CLANG_WARN_RANGE_LOOP_ANALYSIS = YES;
				CLANG_WARN_STRICT_PROTOTYPES = YES;
				CLANG_WARN_SUSPICIOUS_MOVE = YES;
				CLANG_WARN_UNGUARDED_AVAILABILITY = YES_AGGRESSIVE;
				CLANG_WARN_UNREACHABLE_CODE = YES;
				CLANG_WARN__DUPLICATE_METHOD_MATCH = YES;
				COPY_PHASE_STRIP = NO;
				DEBUG_INFORMATION_FORMAT = dwarf;
				ENABLE_STRICT_OBJC_MSGSEND = YES;
				ENABLE_TESTABILITY = YES;
				GCC_C_LANGUAGE_STANDARD = gnu11;
				GCC_DYNAMIC_NO_PIC = NO;
				GCC_NO_COMMON_BLOCKS = YES;
				GCC_OPTIMIZATION_LEVEL = 0;
				GCC_PREPROCESSOR_DEFINITIONS = (
					"DEBUG=1",
					"$(inherited)",
				);
				GCC_WARN_64_TO_32_BIT_CONVERSION = YES;
				GCC_WARN_ABOUT_RETURN_TYPE = YES_ERROR;
				GCC_WARN_UNDECLARED_SELECTOR = YES;
				GCC_WARN_UNINITIALIZED_AUTOS = YES_AGGRESSIVE;
				GCC_WARN_UNUSED_FUNCTION = YES;
				GCC_WARN_UNUSED_VARIABLE = YES;
				IPHONEOS_DEPLOYMENT_TARGET = 13.5;
				MTL_ENABLE_DEBUG_INFO = INCLUDE_SOURCE;
				MTL_FAST_MATH = YES;
				ONLY_ACTIVE_ARCH = YES;
				SDKROOT = iphoneos;
				SWIFT_ACTIVE_COMPILATION_CONDITIONS = DEBUG;
				SWIFT_OPTIMIZATION_LEVEL = "-Onone";
			};
			name = Debug;
		};
		DBAECFC8248E985800AB0B6D /* Release */ = {
			isa = XCBuildConfiguration;
			buildSettings = {
				ALWAYS_SEARCH_USER_PATHS = NO;
				CLANG_ANALYZER_NONNULL = YES;
				CLANG_ANALYZER_NUMBER_OBJECT_CONVERSION = YES_AGGRESSIVE;
				CLANG_CXX_LANGUAGE_STANDARD = "gnu++14";
				CLANG_CXX_LIBRARY = "libc++";
				CLANG_ENABLE_MODULES = YES;
				CLANG_ENABLE_OBJC_ARC = YES;
				CLANG_ENABLE_OBJC_WEAK = YES;
				CLANG_WARN_BLOCK_CAPTURE_AUTORELEASING = YES;
				CLANG_WARN_BOOL_CONVERSION = YES;
				CLANG_WARN_COMMA = YES;
				CLANG_WARN_CONSTANT_CONVERSION = YES;
				CLANG_WARN_DEPRECATED_OBJC_IMPLEMENTATIONS = YES;
				CLANG_WARN_DIRECT_OBJC_ISA_USAGE = YES_ERROR;
				CLANG_WARN_DOCUMENTATION_COMMENTS = YES;
				CLANG_WARN_EMPTY_BODY = YES;
				CLANG_WARN_ENUM_CONVERSION = YES;
				CLANG_WARN_INFINITE_RECURSION = YES;
				CLANG_WARN_INT_CONVERSION = YES;
				CLANG_WARN_NON_LITERAL_NULL_CONVERSION = YES;
				CLANG_WARN_OBJC_IMPLICIT_RETAIN_SELF = YES;
				CLANG_WARN_OBJC_LITERAL_CONVERSION = YES;
				CLANG_WARN_OBJC_ROOT_CLASS = YES_ERROR;
				CLANG_WARN_RANGE_LOOP_ANALYSIS = YES;
				CLANG_WARN_STRICT_PROTOTYPES = YES;
				CLANG_WARN_SUSPICIOUS_MOVE = YES;
				CLANG_WARN_UNGUARDED_AVAILABILITY = YES_AGGRESSIVE;
				CLANG_WARN_UNREACHABLE_CODE = YES;
				CLANG_WARN__DUPLICATE_METHOD_MATCH = YES;
				COPY_PHASE_STRIP = NO;
				DEBUG_INFORMATION_FORMAT = "dwarf-with-dsym";
				ENABLE_NS_ASSERTIONS = NO;
				ENABLE_STRICT_OBJC_MSGSEND = YES;
				GCC_C_LANGUAGE_STANDARD = gnu11;
				GCC_NO_COMMON_BLOCKS = YES;
				GCC_WARN_64_TO_32_BIT_CONVERSION = YES;
				GCC_WARN_ABOUT_RETURN_TYPE = YES_ERROR;
				GCC_WARN_UNDECLARED_SELECTOR = YES;
				GCC_WARN_UNINITIALIZED_AUTOS = YES_AGGRESSIVE;
				GCC_WARN_UNUSED_FUNCTION = YES;
				GCC_WARN_UNUSED_VARIABLE = YES;
				IPHONEOS_DEPLOYMENT_TARGET = 13.5;
				MTL_ENABLE_DEBUG_INFO = NO;
				MTL_FAST_MATH = YES;
				SDKROOT = iphoneos;
				SWIFT_COMPILATION_MODE = wholemodule;
				SWIFT_OPTIMIZATION_LEVEL = "-O";
				VALIDATE_PRODUCT = YES;
			};
			name = Release;
		};
		DBAECFCA248E985800AB0B6D /* Debug */ = {
			isa = XCBuildConfiguration;
			buildSettings = {
				ASSETCATALOG_COMPILER_APPICON_NAME = AppIcon;
				CODE_SIGN_STYLE = Automatic;
				INFOPLIST_FILE = "to-do/Info.plist";
				LD_RUNPATH_SEARCH_PATHS = (
					"$(inherited)",
					"@executable_path/Frameworks",
				);
				PRODUCT_BUNDLE_IDENTIFIER = "KWK.to-do";
				PRODUCT_NAME = "$(TARGET_NAME)";
				SWIFT_VERSION = 5.0;
				TARGETED_DEVICE_FAMILY = "1,2";
			};
			name = Debug;
		};
		DBAECFCB248E985800AB0B6D /* Release */ = {
			isa = XCBuildConfiguration;
			buildSettings = {
				ASSETCATALOG_COMPILER_APPICON_NAME = AppIcon;
				CODE_SIGN_STYLE = Automatic;
				INFOPLIST_FILE = "to-do/Info.plist";
				LD_RUNPATH_SEARCH_PATHS = (
					"$(inherited)",
					"@executable_path/Frameworks",
				);
				PRODUCT_BUNDLE_IDENTIFIER = "KWK.to-do";
				PRODUCT_NAME = "$(TARGET_NAME)";
				SWIFT_VERSION = 5.0;
				TARGETED_DEVICE_FAMILY = "1,2";
			};
			name = Release;
		};
		DBAECFCD248E985800AB0B6D /* Debug */ = {
			isa = XCBuildConfiguration;
			buildSettings = {
				ALWAYS_EMBED_SWIFT_STANDARD_LIBRARIES = YES;
				BUNDLE_LOADER = "$(TEST_HOST)";
				CODE_SIGN_STYLE = Automatic;
				INFOPLIST_FILE = "to-doTests/Info.plist";
				IPHONEOS_DEPLOYMENT_TARGET = 13.5;
				LD_RUNPATH_SEARCH_PATHS = (
					"$(inherited)",
					"@executable_path/Frameworks",
					"@loader_path/Frameworks",
				);
				PRODUCT_BUNDLE_IDENTIFIER = "KWK.to-doTests";
				PRODUCT_NAME = "$(TARGET_NAME)";
				SWIFT_VERSION = 5.0;
				TARGETED_DEVICE_FAMILY = "1,2";
				TEST_HOST = "$(BUILT_PRODUCTS_DIR)/to-do.app/to-do";
			};
			name = Debug;
		};
		DBAECFCE248E985800AB0B6D /* Release */ = {
			isa = XCBuildConfiguration;
			buildSettings = {
				ALWAYS_EMBED_SWIFT_STANDARD_LIBRARIES = YES;
				BUNDLE_LOADER = "$(TEST_HOST)";
				CODE_SIGN_STYLE = Automatic;
				INFOPLIST_FILE = "to-doTests/Info.plist";
				IPHONEOS_DEPLOYMENT_TARGET = 13.5;
				LD_RUNPATH_SEARCH_PATHS = (
					"$(inherited)",
					"@executable_path/Frameworks",
					"@loader_path/Frameworks",
				);
				PRODUCT_BUNDLE_IDENTIFIER = "KWK.to-doTests";
				PRODUCT_NAME = "$(TARGET_NAME)";
				SWIFT_VERSION = 5.0;
				TARGETED_DEVICE_FAMILY = "1,2";
				TEST_HOST = "$(BUILT_PRODUCTS_DIR)/to-do.app/to-do";
			};
			name = Release;
		};
		DBAECFD0248E985800AB0B6D /* Debug */ = {
			isa = XCBuildConfiguration;
			buildSettings = {
				ALWAYS_EMBED_SWIFT_STANDARD_LIBRARIES = YES;
				CODE_SIGN_STYLE = Automatic;
				INFOPLIST_FILE = "to-doUITests/Info.plist";
				LD_RUNPATH_SEARCH_PATHS = (
					"$(inherited)",
					"@executable_path/Frameworks",
					"@loader_path/Frameworks",
				);
				PRODUCT_BUNDLE_IDENTIFIER = "KWK.to-doUITests";
				PRODUCT_NAME = "$(TARGET_NAME)";
				SWIFT_VERSION = 5.0;
				TARGETED_DEVICE_FAMILY = "1,2";
				TEST_TARGET_NAME = "to-do";
			};
			name = Debug;
		};
		DBAECFD1248E985800AB0B6D /* Release */ = {
			isa = XCBuildConfiguration;
			buildSettings = {
				ALWAYS_EMBED_SWIFT_STANDARD_LIBRARIES = YES;
				CODE_SIGN_STYLE = Automatic;
				INFOPLIST_FILE = "to-doUITests/Info.plist";
				LD_RUNPATH_SEARCH_PATHS = (
					"$(inherited)",
					"@executable_path/Frameworks",
					"@loader_path/Frameworks",
				);
				PRODUCT_BUNDLE_IDENTIFIER = "KWK.to-doUITests";
				PRODUCT_NAME = "$(TARGET_NAME)";
				SWIFT_VERSION = 5.0;
				TARGETED_DEVICE_FAMILY = "1,2";
				TEST_TARGET_NAME = "to-do";
			};
			name = Release;
		};
/* End XCBuildConfiguration section */

/* Begin XCConfigurationList section */
		DBAECF97248E985300AB0B6D /* Build configuration list for PBXProject "to-do" */ = {
			isa = XCConfigurationList;
			buildConfigurations = (
				DBAECFC7248E985800AB0B6D /* Debug */,
				DBAECFC8248E985800AB0B6D /* Release */,
			);
			defaultConfigurationIsVisible = 0;
			defaultConfigurationName = Release;
		};
		DBAECFC9248E985800AB0B6D /* Build configuration list for PBXNativeTarget "to-do" */ = {
			isa = XCConfigurationList;
			buildConfigurations = (
				DBAECFCA248E985800AB0B6D /* Debug */,
				DBAECFCB248E985800AB0B6D /* Release */,
			);
			defaultConfigurationIsVisible = 0;
			defaultConfigurationName = Release;
		};
		DBAECFCC248E985800AB0B6D /* Build configuration list for PBXNativeTarget "to-doTests" */ = {
			isa = XCConfigurationList;
			buildConfigurations = (
				DBAECFCD248E985800AB0B6D /* Debug */,
				DBAECFCE248E985800AB0B6D /* Release */,
			);
			defaultConfigurationIsVisible = 0;
			defaultConfigurationName = Release;
		};
		DBAECFCF248E985800AB0B6D /* Build configuration list for PBXNativeTarget "to-doUITests" */ = {
			isa = XCConfigurationList;
			buildConfigurations = (
				DBAECFD0248E985800AB0B6D /* Debug */,
				DBAECFD1248E985800AB0B6D /* Release */,
			);
			defaultConfigurationIsVisible = 0;
			defaultConfigurationName = Release;
		};
/* End XCConfigurationList section */

/* Begin XCVersionGroup section */
		DBAECFA8248E985300AB0B6D /* to_do.xcdatamodeld */ = {
			isa = XCVersionGroup;
			children = (
				DBAECFA9248E985300AB0B6D /* to_do.xcdatamodel */,
			);
			currentVersion = DBAECFA9248E985300AB0B6D /* to_do.xcdatamodel */;
			path = to_do.xcdatamodeld;
			sourceTree = "<group>";
			versionGroupType = wrapper.xcdatamodel;
		};
/* End XCVersionGroup section */
	};
	rootObject = DBAECF94248E985300AB0B6D /* Project object */;
}
